
Microsoft Visual Studio Solution File, Format Version 12.00
# Visual Studio 15
VisualStudioVersion = 15.0.26228.30
MinimumVisualStudioVersion = 10.0.40219.1
Project("{FAE04EC0-301F-11D3-BF4B-00C04F79EFBC}") = "XCentium", "XCentium\XCentium.csproj", "{CAEA34BC-8989-42BB-B368-97A23B654463}"
EndProject
Project("{FAE04EC0-301F-11D3-BF4B-00C04F79EFBC}") = "XCentium.Tests", "XCentium.Tests\XCentium.Tests.csproj", "{DE650A23-9892-4B1A-B269-D4C3844689FD}"
EndProject
Global
	GlobalSection(SolutionConfigurationPlatforms) = preSolution
		Debug|Any CPU = Debug|Any CPU
		Release|Any CPU = Release|Any CPU
	EndGlobalSection
	GlobalSection(ProjectConfigurationPlatforms) = postSolution
		{CAEA34BC-8989-42BB-B368-97A23B654463}.Debug|Any CPU.ActiveCfg = Debug|Any CPU
		{CAEA34BC-8989-42BB-B368-97A23B654463}.Debug|Any CPU.Build.0 = Debug|Any CPU
		{CAEA34BC-8989-42BB-B368-97A23B654463}.Release|Any CPU.ActiveCfg = Release|Any CPU
		{CAEA34BC-8989-42BB-B368-97A23B654463}.Release|Any CPU.Build.0 = Release|Any CPU
		{DE650A23-9892-4B1A-B269-D4C3844689FD}.Debug|Any CPU.ActiveCfg = Debug|Any CPU
		{DE650A23-9892-4B1A-B269-D4C3844689FD}.Debug|Any CPU.Build.0 = Debug|Any CPU
		{DE650A23-9892-4B1A-B269-D4C3844689FD}.Release|Any CPU.ActiveCfg = Release|Any CPU
		{DE650A23-9892-4B1A-B269-D4C3844689FD}.Release|Any CPU.Build.0 = Release|Any CPU
	EndGlobalSection
	GlobalSection(SolutionProperties) = preSolution
		HideSolutionNode = FALSE
	EndGlobalSection
EndGlobal
